{
  "name": "chatbot",
  "lockfileVersion": 3,
  "requires": true,
  "packages": {
    "": {
      "dependencies": {
        "zod": "^3.25.31"
      }
    },
    "node_modules/zod": {
      "version": "3.25.31",
      "resolved": "https://registry.npmjs.org/zod/-/zod-3.25.31.tgz",
      "integrity": "sha512-SVCtUpZ1D9TFcRnCY7wlCpGEzV4+2HlXnJiwrgq1T93m98BIT6M5lbxRrEm7v6pYZXV4QNQo1t2KVv93JXk6XA==",
      "license": "MIT",
      "funding": {
        "url": "https://github.com/sponsors/colinhacks"
      }
    }
  }
}
